
Microsoft Visual Studio Solution File, Format Version 12.00
# Visual Studio Version 17
VisualStudioVersion = 17.1.32407.343
MinimumVisualStudioVersion = 10.0.40219.1
Project("{9A19103F-16F7-4668-BE54-9A1E7A4F7556}") = "Data", "Data\Data.csproj", "{B3211864-68CA-4B85-958E-269BCA02DE2F}"
EndProject
Project("{2150E333-8FDC-42A3-9474-1A3956D46DE8}") = "Presentation", "Presentation", "{5C76C979-8730-41CB-99D1-D9CC35653053}"
EndProject
Project("{9A19103F-16F7-4668-BE54-9A1E7A4F7556}") = "Model", "Model\Model.csproj", "{C9453B7A-657E-4471-AABC-A4EDC78BCDED}"
EndProject
Project("{9A19103F-16F7-4668-BE54-9A1E7A4F7556}") = "ViewModel", "ViewModel\ViewModel.csproj", "{6DDE44AF-0232-4F45-8B7B-196443E5C68A}"
EndProject
Project("{9A19103F-16F7-4668-BE54-9A1E7A4F7556}") = "View", "View\View.csproj", "{873888D7-310C-4982-BF5C-8E14EDD7EDED}"
EndProject
Project("{9A19103F-16F7-4668-BE54-9A1E7A4F7556}") = "Logic", "Logic\Logic.csproj", "{49E3C5C0-3F40-44B7-A5BD-533AA5928FCE}"
EndProject
Project("{9A19103F-16F7-4668-BE54-9A1E7A4F7556}") = "Tests", "Tests\Tests.csproj", "{0A4B33C6-8FFC-47B8-A86A-CEE01AA3762A}"
EndProject
Project("{FAE04EC0-301F-11D3-BF4B-00C04F79EFBC}") = "DataTest", "TestData\DataTest.csproj", "{02636CE8-2623-45CD-AA55-A9CEE0873EC5}"
EndProject
Project("{FAE04EC0-301F-11D3-BF4B-00C04F79EFBC}") = "LogicTest", "LogicTest\LogicTest.csproj", "{36FC460B-A4CE-474C-87A7-4E9353B6E58D}"
EndProject
Project("{FAE04EC0-301F-11D3-BF4B-00C04F79EFBC}") = "ModelTest", "ModelTest\ModelTest.csproj", "{9B56FCFC-A1E2-465C-8D57-0D4867FEC274}"
EndProject
Global
	GlobalSection(SolutionConfigurationPlatforms) = preSolution
		Debug|Any CPU = Debug|Any CPU
		Release|Any CPU = Release|Any CPU
	EndGlobalSection
	GlobalSection(ProjectConfigurationPlatforms) = postSolution
		{B3211864-68CA-4B85-958E-269BCA02DE2F}.Debug|Any CPU.ActiveCfg = Debug|Any CPU
		{B3211864-68CA-4B85-958E-269BCA02DE2F}.Debug|Any CPU.Build.0 = Debug|Any CPU
		{B3211864-68CA-4B85-958E-269BCA02DE2F}.Release|Any CPU.ActiveCfg = Release|Any CPU
		{B3211864-68CA-4B85-958E-269BCA02DE2F}.Release|Any CPU.Build.0 = Release|Any CPU
		{C9453B7A-657E-4471-AABC-A4EDC78BCDED}.Debug|Any CPU.ActiveCfg = Debug|Any CPU
		{C9453B7A-657E-4471-AABC-A4EDC78BCDED}.Debug|Any CPU.Build.0 = Debug|Any CPU
		{C9453B7A-657E-4471-AABC-A4EDC78BCDED}.Release|Any CPU.ActiveCfg = Release|Any CPU
		{C9453B7A-657E-4471-AABC-A4EDC78BCDED}.Release|Any CPU.Build.0 = Release|Any CPU
		{6DDE44AF-0232-4F45-8B7B-196443E5C68A}.Debug|Any CPU.ActiveCfg = Debug|Any CPU
		{6DDE44AF-0232-4F45-8B7B-196443E5C68A}.Debug|Any CPU.Build.0 = Debug|Any CPU
		{6DDE44AF-0232-4F45-8B7B-196443E5C68A}.Release|Any CPU.ActiveCfg = Release|Any CPU
		{6DDE44AF-0232-4F45-8B7B-196443E5C68A}.Release|Any CPU.Build.0 = Release|Any CPU
		{873888D7-310C-4982-BF5C-8E14EDD7EDED}.Debug|Any CPU.ActiveCfg = Debug|Any CPU
		{873888D7-310C-4982-BF5C-8E14EDD7EDED}.Debug|Any CPU.Build.0 = Debug|Any CPU
		{873888D7-310C-4982-BF5C-8E14EDD7EDED}.Release|Any CPU.ActiveCfg = Release|Any CPU
		{873888D7-310C-4982-BF5C-8E14EDD7EDED}.Release|Any CPU.Build.0 = Release|Any CPU
		{49E3C5C0-3F40-44B7-A5BD-533AA5928FCE}.Debug|Any CPU.ActiveCfg = Debug|Any CPU
		{49E3C5C0-3F40-44B7-A5BD-533AA5928FCE}.Debug|Any CPU.Build.0 = Debug|Any CPU
		{49E3C5C0-3F40-44B7-A5BD-533AA5928FCE}.Release|Any CPU.ActiveCfg = Release|Any CPU
		{49E3C5C0-3F40-44B7-A5BD-533AA5928FCE}.Release|Any CPU.Build.0 = Release|Any CPU
		{0A4B33C6-8FFC-47B8-A86A-CEE01AA3762A}.Debug|Any CPU.ActiveCfg = Debug|Any CPU
		{0A4B33C6-8FFC-47B8-A86A-CEE01AA3762A}.Debug|Any CPU.Build.0 = Debug|Any CPU
		{0A4B33C6-8FFC-47B8-A86A-CEE01AA3762A}.Release|Any CPU.ActiveCfg = Release|Any CPU
		{0A4B33C6-8FFC-47B8-A86A-CEE01AA3762A}.Release|Any CPU.Build.0 = Release|Any CPU
		{02636CE8-2623-45CD-AA55-A9CEE0873EC5}.Debug|Any CPU.ActiveCfg = Debug|Any CPU
		{02636CE8-2623-45CD-AA55-A9CEE0873EC5}.Debug|Any CPU.Build.0 = Debug|Any CPU
		{02636CE8-2623-45CD-AA55-A9CEE0873EC5}.Release|Any CPU.ActiveCfg = Release|Any CPU
		{02636CE8-2623-45CD-AA55-A9CEE0873EC5}.Release|Any CPU.Build.0 = Release|Any CPU
		{36FC460B-A4CE-474C-87A7-4E9353B6E58D}.Debug|Any CPU.ActiveCfg = Debug|Any CPU
		{36FC460B-A4CE-474C-87A7-4E9353B6E58D}.Debug|Any CPU.Build.0 = Debug|Any CPU
		{36FC460B-A4CE-474C-87A7-4E9353B6E58D}.Release|Any CPU.ActiveCfg = Release|Any CPU
		{36FC460B-A4CE-474C-87A7-4E9353B6E58D}.Release|Any CPU.Build.0 = Release|Any CPU
		{9B56FCFC-A1E2-465C-8D57-0D4867FEC274}.Debug|Any CPU.ActiveCfg = Debug|Any CPU
		{9B56FCFC-A1E2-465C-8D57-0D4867FEC274}.Debug|Any CPU.Build.0 = Debug|Any CPU
		{9B56FCFC-A1E2-465C-8D57-0D4867FEC274}.Release|Any CPU.ActiveCfg = Release|Any CPU
		{9B56FCFC-A1E2-465C-8D57-0D4867FEC274}.Release|Any CPU.Build.0 = Release|Any CPU
	EndGlobalSection
	GlobalSection(SolutionProperties) = preSolution
		HideSolutionNode = FALSE
	EndGlobalSection
	GlobalSection(NestedProjects) = preSolution
		{C9453B7A-657E-4471-AABC-A4EDC78BCDED} = {5C76C979-8730-41CB-99D1-D9CC35653053}
		{6DDE44AF-0232-4F45-8B7B-196443E5C68A} = {5C76C979-8730-41CB-99D1-D9CC35653053}
		{873888D7-310C-4982-BF5C-8E14EDD7EDED} = {5C76C979-8730-41CB-99D1-D9CC35653053}
	EndGlobalSection
	GlobalSection(ExtensibilityGlobals) = postSolution
		SolutionGuid = {824F0F6B-68D2-46E0-8A00-14B0922C44EF}
	EndGlobalSection
EndGlobal
